
Microsoft Visual Studio Solution File, Format Version 12.00
# Visual Studio Version 17
VisualStudioVersion = 17.3.32901.215
MinimumVisualStudioVersion = 10.0.40219.1
Project("{9A19103F-16F7-4668-BE54-9A1E7A4F7556}") = "BigShoeCompany.API", "BigShoeCompany.API\BigShoeCompany.API.csproj", "{E2922CED-0B51-4AA8-A791-2454E798F284}"
EndProject
Project("{9A19103F-16F7-4668-BE54-9A1E7A4F7556}") = "BigShoeCopmany.API.Model", "..\BigShoeCopmany.API.Model\BigShoeCopmany.API.Model.csproj", "{4E910137-CD47-4C36-9261-0173DBC2EC86}"
EndProject
Project("{9A19103F-16F7-4668-BE54-9A1E7A4F7556}") = "BigShoeCompany.FileManagement", "..\BigShoeCompany.FileManagement\BigShoeCompany.FileManagement.csproj", "{327E9208-D0F4-4FEF-80DA-4FF8258FB6F3}"
EndProject
Project("{9A19103F-16F7-4668-BE54-9A1E7A4F7556}") = "BigShoeCompany.Infrastructure.Common", "..\BigShoeCompany.Infrastructure.Common\BigShoeCompany.Infrastructure.Common.csproj", "{09AE04D2-CAA5-4443-A298-7361E39B3962}"
EndProject
Project("{2150E333-8FDC-42A3-9474-1A3956D46DE8}") = "Infrastructure", "Infrastructure", "{0B731FDE-E2CF-4D25-9AB6-E26BC3D49268}"
EndProject
Project("{2150E333-8FDC-42A3-9474-1A3956D46DE8}") = "Web", "Web", "{046F899E-AB99-45FE-AFE5-BACBB7A08A07}"
EndProject
Project("{2150E333-8FDC-42A3-9474-1A3956D46DE8}") = "Business", "Business", "{B2B52D2A-A32F-4865-B3CB-E0A64D81A158}"
EndProject
Project("{9A19103F-16F7-4668-BE54-9A1E7A4F7556}") = "BigShoeCompany.Service.Contracts", "..\BigShoeCompany.Service.Contracts\BigShoeCompany.Service.Contracts.csproj", "{92783286-CAA6-4CFA-8C23-1BAE2EE4E0CA}"
EndProject
Project("{9A19103F-16F7-4668-BE54-9A1E7A4F7556}") = "BigShoeCompany.Service", "..\BigShoeCompany.Service\BigShoeCompany.Service.csproj", "{BC42B885-B777-4DC7-970F-2D013B19D828}"
EndProject
Project("{2150E333-8FDC-42A3-9474-1A3956D46DE8}") = "Test", "Test", "{22907655-25B1-450B-9FBE-CC7F91146986}"
EndProject
Project("{FAE04EC0-301F-11D3-BF4B-00C04F79EFBC}") = "BigShoeCopmany.Model", "BigShoeCopmany.Model\BigShoeCopmany.Model.csproj", "{1E2C4F00-0B87-4EA1-B794-AF61A650F528}"
EndProject
Global
	GlobalSection(SolutionConfigurationPlatforms) = preSolution
		Debug|Any CPU = Debug|Any CPU
		Release|Any CPU = Release|Any CPU
	EndGlobalSection
	GlobalSection(ProjectConfigurationPlatforms) = postSolution
		{E2922CED-0B51-4AA8-A791-2454E798F284}.Debug|Any CPU.ActiveCfg = Debug|Any CPU
		{E2922CED-0B51-4AA8-A791-2454E798F284}.Debug|Any CPU.Build.0 = Debug|Any CPU
		{E2922CED-0B51-4AA8-A791-2454E798F284}.Release|Any CPU.ActiveCfg = Release|Any CPU
		{E2922CED-0B51-4AA8-A791-2454E798F284}.Release|Any CPU.Build.0 = Release|Any CPU
		{4E910137-CD47-4C36-9261-0173DBC2EC86}.Debug|Any CPU.ActiveCfg = Debug|Any CPU
		{4E910137-CD47-4C36-9261-0173DBC2EC86}.Debug|Any CPU.Build.0 = Debug|Any CPU
		{4E910137-CD47-4C36-9261-0173DBC2EC86}.Release|Any CPU.ActiveCfg = Release|Any CPU
		{4E910137-CD47-4C36-9261-0173DBC2EC86}.Release|Any CPU.Build.0 = Release|Any CPU
		{327E9208-D0F4-4FEF-80DA-4FF8258FB6F3}.Debug|Any CPU.ActiveCfg = Debug|Any CPU
		{327E9208-D0F4-4FEF-80DA-4FF8258FB6F3}.Debug|Any CPU.Build.0 = Debug|Any CPU
		{327E9208-D0F4-4FEF-80DA-4FF8258FB6F3}.Release|Any CPU.ActiveCfg = Release|Any CPU
		{327E9208-D0F4-4FEF-80DA-4FF8258FB6F3}.Release|Any CPU.Build.0 = Release|Any CPU
		{09AE04D2-CAA5-4443-A298-7361E39B3962}.Debug|Any CPU.ActiveCfg = Debug|Any CPU
		{09AE04D2-CAA5-4443-A298-7361E39B3962}.Debug|Any CPU.Build.0 = Debug|Any CPU
		{09AE04D2-CAA5-4443-A298-7361E39B3962}.Release|Any CPU.ActiveCfg = Release|Any CPU
		{09AE04D2-CAA5-4443-A298-7361E39B3962}.Release|Any CPU.Build.0 = Release|Any CPU
		{92783286-CAA6-4CFA-8C23-1BAE2EE4E0CA}.Debug|Any CPU.ActiveCfg = Debug|Any CPU
		{92783286-CAA6-4CFA-8C23-1BAE2EE4E0CA}.Debug|Any CPU.Build.0 = Debug|Any CPU
		{92783286-CAA6-4CFA-8C23-1BAE2EE4E0CA}.Release|Any CPU.ActiveCfg = Release|Any CPU
		{92783286-CAA6-4CFA-8C23-1BAE2EE4E0CA}.Release|Any CPU.Build.0 = Release|Any CPU
		{BC42B885-B777-4DC7-970F-2D013B19D828}.Debug|Any CPU.ActiveCfg = Debug|Any CPU
		{BC42B885-B777-4DC7-970F-2D013B19D828}.Debug|Any CPU.Build.0 = Debug|Any CPU
		{BC42B885-B777-4DC7-970F-2D013B19D828}.Release|Any CPU.ActiveCfg = Release|Any CPU
		{BC42B885-B777-4DC7-970F-2D013B19D828}.Release|Any CPU.Build.0 = Release|Any CPU
		{1E2C4F00-0B87-4EA1-B794-AF61A650F528}.Debug|Any CPU.ActiveCfg = Debug|Any CPU
		{1E2C4F00-0B87-4EA1-B794-AF61A650F528}.Debug|Any CPU.Build.0 = Debug|Any CPU
		{1E2C4F00-0B87-4EA1-B794-AF61A650F528}.Release|Any CPU.ActiveCfg = Release|Any CPU
		{1E2C4F00-0B87-4EA1-B794-AF61A650F528}.Release|Any CPU.Build.0 = Release|Any CPU
	EndGlobalSection
	GlobalSection(SolutionProperties) = preSolution
		HideSolutionNode = FALSE
	EndGlobalSection
	GlobalSection(NestedProjects) = preSolution
		{E2922CED-0B51-4AA8-A791-2454E798F284} = {046F899E-AB99-45FE-AFE5-BACBB7A08A07}
		{4E910137-CD47-4C36-9261-0173DBC2EC86} = {046F899E-AB99-45FE-AFE5-BACBB7A08A07}
		{327E9208-D0F4-4FEF-80DA-4FF8258FB6F3} = {B2B52D2A-A32F-4865-B3CB-E0A64D81A158}
		{09AE04D2-CAA5-4443-A298-7361E39B3962} = {0B731FDE-E2CF-4D25-9AB6-E26BC3D49268}
		{92783286-CAA6-4CFA-8C23-1BAE2EE4E0CA} = {B2B52D2A-A32F-4865-B3CB-E0A64D81A158}
		{BC42B885-B777-4DC7-970F-2D013B19D828} = {B2B52D2A-A32F-4865-B3CB-E0A64D81A158}
		{1E2C4F00-0B87-4EA1-B794-AF61A650F528} = {B2B52D2A-A32F-4865-B3CB-E0A64D81A158}
	EndGlobalSection
	GlobalSection(ExtensibilityGlobals) = postSolution
		SolutionGuid = {92D38C0B-DF77-41C8-8714-3D80EA6F7801}
	EndGlobalSection
EndGlobal
